
Microsoft Visual Studio Solution File, Format Version 12.00
# Visual Studio Version 16
VisualStudioVersion = 16.0.31410.357
MinimumVisualStudioVersion = 10.0.40219.1
Project("{9A19103F-16F7-4668-BE54-9A1E7A4F7556}") = "SDMS.UI", "SDMS.UI\SDMS.UI.csproj", "{4552D02C-8B39-4788-8BEE-9D9462025DC1}"
EndProject
Project("{FAE04EC0-301F-11D3-BF4B-00C04F79EFBC}") = "SDMS.BL", "SDMS.BL\SDMS.BL.csproj", "{2FECB2B2-8E17-4B21-BB6A-0CE5D58D7B34}"
EndProject
Project("{FAE04EC0-301F-11D3-BF4B-00C04F79EFBC}") = "SDMS.DL", "SDMS.DL\SDMS.DL.csproj", "{09666E28-C441-4891-B428-8C2E27888361}"
EndProject
Global
	GlobalSection(SolutionConfigurationPlatforms) = preSolution
		Debug|Any CPU = Debug|Any CPU
		Release|Any CPU = Release|Any CPU
	EndGlobalSection
	GlobalSection(ProjectConfigurationPlatforms) = postSolution
		{4552D02C-8B39-4788-8BEE-9D9462025DC1}.Debug|Any CPU.ActiveCfg = Debug|Any CPU
		{4552D02C-8B39-4788-8BEE-9D9462025DC1}.Debug|Any CPU.Build.0 = Debug|Any CPU
		{4552D02C-8B39-4788-8BEE-9D9462025DC1}.Release|Any CPU.ActiveCfg = Release|Any CPU
		{4552D02C-8B39-4788-8BEE-9D9462025DC1}.Release|Any CPU.Build.0 = Release|Any CPU
		{2FECB2B2-8E17-4B21-BB6A-0CE5D58D7B34}.Debug|Any CPU.ActiveCfg = Debug|Any CPU
		{2FECB2B2-8E17-4B21-BB6A-0CE5D58D7B34}.Debug|Any CPU.Build.0 = Debug|Any CPU
		{2FECB2B2-8E17-4B21-BB6A-0CE5D58D7B34}.Release|Any CPU.ActiveCfg = Release|Any CPU
		{2FECB2B2-8E17-4B21-BB6A-0CE5D58D7B34}.Release|Any CPU.Build.0 = Release|Any CPU
		{09666E28-C441-4891-B428-8C2E27888361}.Debug|Any CPU.ActiveCfg = Debug|Any CPU
		{09666E28-C441-4891-B428-8C2E27888361}.Debug|Any CPU.Build.0 = Debug|Any CPU
		{09666E28-C441-4891-B428-8C2E27888361}.Release|Any CPU.ActiveCfg = Release|Any CPU
		{09666E28-C441-4891-B428-8C2E27888361}.Release|Any CPU.Build.0 = Release|Any CPU
	EndGlobalSection
	GlobalSection(SolutionProperties) = preSolution
		HideSolutionNode = FALSE
	EndGlobalSection
	GlobalSection(ExtensibilityGlobals) = postSolution
		SolutionGuid = {BC5790D5-6AA2-4E2C-8566-B136B7F5A97B}
	EndGlobalSection
EndGlobal
